// !$*UTF8*$!
{
	archiveVersion = 1;
	classes = {
	};
	objectVersion = 46;
	objects = {

/* Begin PBXBuildFile section */
		04B3FC921B97B10100D398B1 /* main.m in Sources */ = {isa = PBXBuildFile; fileRef = 04B3FC911B97B10100D398B1 /* main.m */; };
		04B3FC951B97B10100D398B1 /* AppDelegate.m in Sources */ = {isa = PBXBuildFile; fileRef = 04B3FC941B97B10100D398B1 /* AppDelegate.m */; };
		04B3FC9D1B97B10100D398B1 /* Images.xcassets in Resources */ = {isa = PBXBuildFile; fileRef = 04B3FC9C1B97B10100D398B1 /* Images.xcassets */; };
		04B3FCA01B97B10100D398B1 /* LaunchScreen.xib in Resources */ = {isa = PBXBuildFile; fileRef = 04B3FC9E1B97B10100D398B1 /* LaunchScreen.xib */; };
		04B3FCAC1B97B10100D398B1 /* AFNetworkigTestTests.m in Sources */ = {isa = PBXBuildFile; fileRef = 04B3FCAB1B97B10100D398B1 /* AFNetworkigTestTests.m */; };
		04B3FCBB1B97C00200D398B1 /* ListTableViewCell.m in Sources */ = {isa = PBXBuildFile; fileRef = 04B3FCBA1B97C00200D398B1 /* ListTableViewCell.m */; };
		04B3FCBF1B97CAE500D398B1 /* Weather.m in Sources */ = {isa = PBXBuildFile; fileRef = 04B3FCBE1B97CAE500D398B1 /* Weather.m */; };
		04B3FCC61B97D61A00D398B1 /* ListViewController.m in Sources */ = {isa = PBXBuildFile; fileRef = 04B3FCC51B97D61A00D398B1 /* ListViewController.m */; };
		04B3FCCA1B97E06500D398B1 /* DetailViewController.m in Sources */ = {isa = PBXBuildFile; fileRef = 04B3FCC91B97E06500D398B1 /* DetailViewController.m */; };
		F7841C73202A430B817F7B46 /* libPods-AFNetworkigTest.a in Frameworks */ = {isa = PBXBuildFile; fileRef = 0EBD32D4F524488EA7BBDB32 /* libPods-AFNetworkigTest.a */; };
/* End PBXBuildFile section */

/* Begin PBXContainerItemProxy section */
		04B3FCA61B97B10100D398B1 /* PBXContainerItemProxy */ = {
			isa = PBXContainerItemProxy;
			containerPortal = 04B3FC841B97B10100D398B1 /* Project object */;
			proxyType = 1;
			remoteGlobalIDString = 04B3FC8B1B97B10100D398B1;
			remoteInfo = AFNetworkigTest;
		};
/* End PBXContainerItemProxy section */

/* Begin PBXFileReference section */
		04B3FC8C1B97B10100D398B1 /* AFNetworkigTest.app */ = {isa = PBXFileReference; explicitFileType = wrapper.application; includeInIndex = 0; path = AFNetworkigTest.app; sourceTree = BUILT_PRODUCTS_DIR; };
		04B3FC901B97B10100D398B1 /* Info.plist */ = {isa = PBXFileReference; lastKnownFileType = text.plist.xml; path = Info.plist; sourceTree = "<group>"; };
		04B3FC911B97B10100D398B1 /* main.m */ = {isa = PBXFileReference; lastKnownFileType = sourcecode.c.objc; path = main.m; sourceTree = "<group>"; };
		04B3FC931B97B10100D398B1 /* AppDelegate.h */ = {isa = PBXFileReference; lastKnownFileType = sourcecode.c.h; path = AppDelegate.h; sourceTree = "<group>"; };
		04B3FC941B97B10100D398B1 /* AppDelegate.m */ = {isa = PBXFileReference; lastKnownFileType = sourcecode.c.objc; path = AppDelegate.m; sourceTree = "<group>"; };
		04B3FC9C1B97B10100D398B1 /* Images.xcassets */ = {isa = PBXFileReference; lastKnownFileType = folder.assetcatalog; path = Images.xcassets; sourceTree = "<group>"; };
		04B3FC9F1B97B10100D398B1 /* Base */ = {isa = PBXFileReference; lastKnownFileType = file.xib; name = Base; path = Base.lproj/LaunchScreen.xib; sourceTree = "<group>"; };
		04B3FCA51B97B10100D398B1 /* AFNetworkigTestTests.xctest */ = {isa = PBXFileReference; explicitFileType = wrapper.cfbundle; includeInIndex = 0; path = AFNetworkigTestTests.xctest; sourceTree = BUILT_PRODUCTS_DIR; };
		04B3FCAA1B97B10100D398B1 /* Info.plist */ = {isa = PBXFileReference; lastKnownFileType = text.plist.xml; path = Info.plist; sourceTree = "<group>"; };
		04B3FCAB1B97B10100D398B1 /* AFNetworkigTestTests.m */ = {isa = PBXFileReference; lastKnownFileType = sourcecode.c.objc; path = AFNetworkigTestTests.m; sourceTree = "<group>"; };
		04B3FCB91B97C00200D398B1 /* ListTableViewCell.h */ = {isa = PBXFileReference; fileEncoding = 4; lastKnownFileType = sourcecode.c.h; path = ListTableViewCell.h; sourceTree = "<group>"; };
		04B3FCBA1B97C00200D398B1 /* ListTableViewCell.m */ = {isa = PBXFileReference; fileEncoding = 4; lastKnownFileType = sourcecode.c.objc; path = ListTableViewCell.m; sourceTree = "<group>"; };
		04B3FCBD1B97CAE500D398B1 /* Weather.h */ = {isa = PBXFileReference; fileEncoding = 4; lastKnownFileType = sourcecode.c.h; path = Weather.h; sourceTree = "<group>"; };
		04B3FCBE1B97CAE500D398B1 /* Weather.m */ = {isa = PBXFileReference; fileEncoding = 4; lastKnownFileType = sourcecode.c.objc; path = Weather.m; sourceTree = "<group>"; };
		04B3FCC41B97D61A00D398B1 /* ListViewController.h */ = {isa = PBXFileReference; fileEncoding = 4; lastKnownFileType = sourcecode.c.h; path = ListViewController.h; sourceTree = "<group>"; };
		04B3FCC51B97D61A00D398B1 /* ListViewController.m */ = {isa = PBXFileReference; fileEncoding = 4; lastKnownFileType = sourcecode.c.objc; path = ListViewController.m; sourceTree = "<group>"; };
		04B3FCC81B97E06500D398B1 /* DetailViewController.h */ = {isa = PBXFileReference; fileEncoding = 4; lastKnownFileType = sourcecode.c.h; path = DetailViewController.h; sourceTree = "<group>"; };
		04B3FCC91B97E06500D398B1 /* DetailViewController.m */ = {isa = PBXFileReference; fileEncoding = 4; lastKnownFileType = sourcecode.c.objc; path = DetailViewController.m; sourceTree = "<group>"; };
		0EBD32D4F524488EA7BBDB32 /* libPods-AFNetworkigTest.a */ = {isa = PBXFileReference; explicitFileType = archive.ar; includeInIndex = 0; path = "libPods-AFNetworkigTest.a"; sourceTree = BUILT_PRODUCTS_DIR; };
		821B671506ECD8D2183B1BBA /* Pods-AFNetworkigTest.release.xcconfig */ = {isa = PBXFileReference; includeInIndex = 1; lastKnownFileType = text.xcconfig; name = "Pods-AFNetworkigTest.release.xcconfig"; path = "Pods/Target Support Files/Pods-AFNetworkigTest/Pods-AFNetworkigTest.release.xcconfig"; sourceTree = "<group>"; };
		8B7F3A4B80B598281122EF44 /* Pods-AFNetworkigTest.debug.xcconfig */ = {isa = PBXFileReference; includeInIndex = 1; lastKnownFileType = text.xcconfig; name = "Pods-AFNetworkigTest.debug.xcconfig"; path = "Pods/Target Support Files/Pods-AFNetworkigTest/Pods-AFNetworkigTest.debug.xcconfig"; sourceTree = "<group>"; };
/* End PBXFileReference section */

/* Begin PBXFrameworksBuildPhase section */
		04B3FC891B97B10100D398B1 /* Frameworks */ = {
			isa = PBXFrameworksBuildPhase;
			buildActionMask = 2147483647;
			files = (
				F7841C73202A430B817F7B46 /* libPods-AFNetworkigTest.a in Frameworks */,
			);
			runOnlyForDeploymentPostprocessing = 0;
		};
		04B3FCA21B97B10100D398B1 /* Frameworks */ = {
			isa = PBXFrameworksBuildPhase;
			buildActionMask = 2147483647;
			files = (
			);
			runOnlyForDeploymentPostprocessing = 0;
		};
/* End PBXFrameworksBuildPhase section */

/* Begin PBXGroup section */
		04B3FC831B97B10100D398B1 = {
			isa = PBXGroup;
			children = (
				04B3FC8E1B97B10100D398B1 /* AFNetworkigTest */,
				04B3FCA81B97B10100D398B1 /* AFNetworkigTestTests */,
				04B3FC8D1B97B10100D398B1 /* Products */,
				B6C21B8091FCE4839E496B5A /* Pods */,
				695F1E31FDBB187FD2F892C9 /* Frameworks */,
			);
			sourceTree = "<group>";
		};
		04B3FC8D1B97B10100D398B1 /* Products */ = {
			isa = PBXGroup;
			children = (
				04B3FC8C1B97B10100D398B1 /* AFNetworkigTest.app */,
				04B3FCA51B97B10100D398B1 /* AFNetworkigTestTests.xctest */,
			);
			name = Products;
			sourceTree = "<group>";
		};
		04B3FC8E1B97B10100D398B1 /* AFNetworkigTest */ = {
			isa = PBXGroup;
			children = (
				04B3FC931B97B10100D398B1 /* AppDelegate.h */,
				04B3FC941B97B10100D398B1 /* AppDelegate.m */,
				04B3FCC01B97CAEA00D398B1 /* Models */,
				04B3FCBC1B97C00700D398B1 /* Views */,
				04B3FCB81B97B1FA00D398B1 /* Controllers */,
				04B3FC9C1B97B10100D398B1 /* Images.xcassets */,
				04B3FC9E1B97B10100D398B1 /* LaunchScreen.xib */,
				04B3FC8F1B97B10100D398B1 /* Supporting Files */,
			);
			path = AFNetworkigTest;
			sourceTree = "<group>";
		};
		04B3FC8F1B97B10100D398B1 /* Supporting Files */ = {
			isa = PBXGroup;
			children = (
				04B3FC901B97B10100D398B1 /* Info.plist */,
				04B3FC911B97B10100D398B1 /* main.m */,
			);
			name = "Supporting Files";
			sourceTree = "<group>";
		};
		04B3FCA81B97B10100D398B1 /* AFNetworkigTestTests */ = {
			isa = PBXGroup;
			children = (
				04B3FCAB1B97B10100D398B1 /* AFNetworkigTestTests.m */,
				04B3FCA91B97B10100D398B1 /* Supporting Files */,
			);
			path = AFNetworkigTestTests;
			sourceTree = "<group>";
		};
		04B3FCA91B97B10100D398B1 /* Supporting Files */ = {
			isa = PBXGroup;
			children = (
				04B3FCAA1B97B10100D398B1 /* Info.plist */,
			);
			name = "Supporting Files";
			sourceTree = "<group>";
		};
		04B3FCB81B97B1FA00D398B1 /* Controllers */ = {
			isa = PBXGroup;
			children = (
				04B3FCC41B97D61A00D398B1 /* ListViewController.h */,
				04B3FCC51B97D61A00D398B1 /* ListViewController.m */,
				04B3FCC81B97E06500D398B1 /* DetailViewController.h */,
				04B3FCC91B97E06500D398B1 /* DetailViewController.m */,
			);
			name = Controllers;
			sourceTree = "<group>";
		};
		04B3FCBC1B97C00700D398B1 /* Views */ = {
			isa = PBXGroup;
			children = (
				04B3FCB91B97C00200D398B1 /* ListTableViewCell.h */,
				04B3FCBA1B97C00200D398B1 /* ListTableViewCell.m */,
			);
			name = Views;
			sourceTree = "<group>";
		};
		04B3FCC01B97CAEA00D398B1 /* Models */ = {
			isa = PBXGroup;
			children = (
				04B3FCBD1B97CAE500D398B1 /* Weather.h */,
				04B3FCBE1B97CAE500D398B1 /* Weather.m */,
			);
			name = Models;
			sourceTree = "<group>";
		};
		695F1E31FDBB187FD2F892C9 /* Frameworks */ = {
			isa = PBXGroup;
			children = (
				0EBD32D4F524488EA7BBDB32 /* libPods-AFNetworkigTest.a */,
			);
			name = Frameworks;
			sourceTree = "<group>";
		};
		B6C21B8091FCE4839E496B5A /* Pods */ = {
			isa = PBXGroup;
			children = (
				8B7F3A4B80B598281122EF44 /* Pods-AFNetworkigTest.debug.xcconfig */,
				821B671506ECD8D2183B1BBA /* Pods-AFNetworkigTest.release.xcconfig */,
			);
			name = Pods;
			sourceTree = "<group>";
		};
/* End PBXGroup section */

/* Begin PBXNativeTarget section */
		04B3FC8B1B97B10100D398B1 /* AFNetworkigTest */ = {
			isa = PBXNativeTarget;
			buildConfigurationList = 04B3FCAF1B97B10100D398B1 /* Build configuration list for PBXNativeTarget "AFNetworkigTest" */;
			buildPhases = (
				BE3C81C6E676CF54F7C069F6 /* Check Pods Manifest.lock */,
				04B3FC881B97B10100D398B1 /* Sources */,
				04B3FC891B97B10100D398B1 /* Frameworks */,
				04B3FC8A1B97B10100D398B1 /* Resources */,
				22350E0353109269EBE79558 /* Copy Pods Resources */,
			);
			buildRules = (
			);
			dependencies = (
			);
			name = AFNetworkigTest;
			productName = AFNetworkigTest;
			productReference = 04B3FC8C1B97B10100D398B1 /* AFNetworkigTest.app */;
			productType = "com.apple.product-type.application";
		};
		04B3FCA41B97B10100D398B1 /* AFNetworkigTestTests */ = {
			isa = PBXNativeTarget;
			buildConfigurationList = 04B3FCB21B97B10100D398B1 /* Build configuration list for PBXNativeTarget "AFNetworkigTestTests" */;
			buildPhases = (
				04B3FCA11B97B10100D398B1 /* Sources */,
				04B3FCA21B97B10100D398B1 /* Frameworks */,
				04B3FCA31B97B10100D398B1 /* Resources */,
			);
			buildRules = (
			);
			dependencies = (
				04B3FCA71B97B10100D398B1 /* PBXTargetDependency */,
			);
			name = AFNetworkigTestTests;
			productName = AFNetworkigTestTests;
			productReference = 04B3FCA51B97B10100D398B1 /* AFNetworkigTestTests.xctest */;
			productType = "com.apple.product-type.bundle.unit-test";
		};
/* End PBXNativeTarget section */

/* Begin PBXProject section */
		04B3FC841B97B10100D398B1 /* Project object */ = {
			isa = PBXProject;
			attributes = {
				LastUpgradeCheck = 0640;
				ORGANIZATIONNAME = Mac;
				TargetAttributes = {
					04B3FC8B1B97B10100D398B1 = {
						CreatedOnToolsVersion = 6.4;
					};
					04B3FCA41B97B10100D398B1 = {
						CreatedOnToolsVersion = 6.4;
						TestTargetID = 04B3FC8B1B97B10100D398B1;
					};
				};
			};
			buildConfigurationList = 04B3FC871B97B10100D398B1 /* Build configuration list for PBXProject "AFNetworkigTest" */;
			compatibilityVersion = "Xcode 3.2";
			developmentRegion = English;
			hasScannedForEncodings = 0;
			knownRegions = (
				en,
				Base,
			);
			mainGroup = 04B3FC831B97B10100D398B1;
			productRefGroup = 04B3FC8D1B97B10100D398B1 /* Products */;
			projectDirPath = "";
			projectRoot = "";
			targets = (
				04B3FC8B1B97B10100D398B1 /* AFNetworkigTest */,
				04B3FCA41B97B10100D398B1 /* AFNetworkigTestTests */,
			);
		};
/* End PBXProject section */

/* Begin PBXResourcesBuildPhase section */
		04B3FC8A1B97B10100D398B1 /* Resources */ = {
			isa = PBXResourcesBuildPhase;
			buildActionMask = 2147483647;
			files = (
				04B3FCA01B97B10100D398B1 /* LaunchScreen.xib in Resources */,
				04B3FC9D1B97B10100D398B1 /* Images.xcassets in Resources */,
			);
			runOnlyForDeploymentPostprocessing = 0;
		};
		04B3FCA31B97B10100D398B1 /* Resources */ = {
			isa = PBXResourcesBuildPhase;
			buildActionMask = 2147483647;
			files = (
			);
			runOnlyForDeploymentPostprocessing = 0;
		};
/* End PBXResourcesBuildPhase section */

/* Begin PBXShellScriptBuildPhase section */
		22350E0353109269EBE79558 /* Copy Pods Resources */ = {
			isa = PBXShellScriptBuildPhase;
			buildActionMask = 2147483647;
			files = (
			);
			inputPaths = (
			);
			name = "Copy Pods Resources";
			outputPaths = (
			);
			runOnlyForDeploymentPostprocessing = 0;
			shellPath = /bin/sh;
			shellScript = "\"${SRCROOT}/Pods/Target Support Files/Pods-AFNetworkigTest/Pods-AFNetworkigTest-resources.sh\"\n";
			showEnvVarsInLog = 0;
		};
		BE3C81C6E676CF54F7C069F6 /* Check Pods Manifest.lock */ = {
			isa = PBXShellScriptBuildPhase;
			buildActionMask = 2147483647;
			files = (
			);
			inputPaths = (
			);
			name = "Check Pods Manifest.lock";
			outputPaths = (
			);
			runOnlyForDeploymentPostprocessing = 0;
			shellPath = /bin/sh;
			shellScript = "diff \"${PODS_ROOT}/../Podfile.lock\" \"${PODS_ROOT}/Manifest.lock\" > /dev/null\nif [[ $? != 0 ]] ; then\n    cat << EOM\nerror: The sandbox is not in sync with the Podfile.lock. Run 'pod install' or update your CocoaPods installation.\nEOM\n    exit 1\nfi\n";
			showEnvVarsInLog = 0;
		};
/* End PBXShellScriptBuildPhase section */

/* Begin PBXSourcesBuildPhase section */
		04B3FC881B97B10100D398B1 /* Sources */ = {
			isa = PBXSourcesBuildPhase;
			buildActionMask = 2147483647;
			files = (
				04B3FC951B97B10100D398B1 /* AppDelegate.m in Sources */,
				04B3FCC61B97D61A00D398B1 /* ListViewController.m in Sources */,
				04B3FCBB1B97C00200D398B1 /* ListTableViewCell.m in Sources */,
				04B3FC921B97B10100D398B1 /* main.m in Sources */,
				04B3FCBF1B97CAE500D398B1 /* Weather.m in Sources */,
				04B3FCCA1B97E06500D398B1 /* DetailViewController.m in Sources */,
			);
			runOnlyForDeploymentPostprocessing = 0;
		};
		04B3FCA11B97B10100D398B1 /* Sources */ = {
			isa = PBXSourcesBuildPhase;
			buildActionMask = 2147483647;
			files = (
				04B3FCAC1B97B10100D398B1 /* AFNetworkigTestTests.m in Sources */,
			);
			runOnlyForDeploymentPostprocessing = 0;
		};
/* End PBXSourcesBuildPhase section */

/* Begin PBXTargetDependency section */
		04B3FCA71B97B10100D398B1 /* PBXTargetDependency */ = {
			isa = PBXTargetDependency;
			target = 04B3FC8B1B97B10100D398B1 /* AFNetworkigTest */;
			targetProxy = 04B3FCA61B97B10100D398B1 /* PBXContainerItemProxy */;
		};
/* End PBXTargetDependency section */

/* Begin PBXVariantGroup section */
		04B3FC9E1B97B10100D398B1 /* LaunchScreen.xib */ = {
			isa = PBXVariantGroup;
			children = (
				04B3FC9F1B97B10100D398B1 /* Base */,
			);
			name = LaunchScreen.xib;
			sourceTree = "<group>";
		};
/* End PBXVariantGroup section */

/* Begin XCBuildConfiguration section */
		04B3FCAD1B97B10100D398B1 /* Debug */ = {
			isa = XCBuildConfiguration;
			buildSettings = {
				ALWAYS_SEARCH_USER_PATHS = NO;
				CLANG_CXX_LANGUAGE_STANDARD = "gnu++0x";
				CLANG_CXX_LIBRARY = "libc++";
				CLANG_ENABLE_MODULES = YES;
				CLANG_ENABLE_OBJC_ARC = YES;
				CLANG_WARN_BOOL_CONVERSION = YES;
				CLANG_WARN_CONSTANT_CONVERSION = YES;
				CLANG_WARN_DIRECT_OBJC_ISA_USAGE = YES_ERROR;
				CLANG_WARN_EMPTY_BODY = YES;
				CLANG_WARN_ENUM_CONVERSION = YES;
				CLANG_WARN_INT_CONVERSION = YES;
				CLANG_WARN_OBJC_ROOT_CLASS = YES_ERROR;
				CLANG_WARN_UNREACHABLE_CODE = YES;
				CLANG_WARN__DUPLICATE_METHOD_MATCH = YES;
				"CODE_SIGN_IDENTITY[sdk=iphoneos*]" = "iPhone Developer";
				COPY_PHASE_STRIP = NO;
				DEBUG_INFORMATION_FORMAT = "dwarf-with-dsym";
				ENABLE_STRICT_OBJC_MSGSEND = YES;
				GCC_C_LANGUAGE_STANDARD = gnu99;
				GCC_DYNAMIC_NO_PIC = NO;
				GCC_NO_COMMON_BLOCKS = YES;
				GCC_OPTIMIZATION_LEVEL = 0;
				GCC_PREPROCESSOR_DEFINITIONS = (
					"DEBUG=1",
					"$(inherited)",
				);
				GCC_SYMBOLS_PRIVATE_EXTERN = NO;
				GCC_WARN_64_TO_32_BIT_CONVERSION = YES;
				GCC_WARN_ABOUT_RETURN_TYPE = YES_ERROR;
				GCC_WARN_UNDECLARED_SELECTOR = YES;
				GCC_WARN_UNINITIALIZED_AUTOS = YES_AGGRESSIVE;
				GCC_WARN_UNUSED_FUNCTION = YES;
				GCC_WARN_UNUSED_VARIABLE = YES;
				IPHONEOS_DEPLOYMENT_TARGET = 8.4;
				MTL_ENABLE_DEBUG_INFO = YES;
				ONLY_ACTIVE_ARCH = YES;
				SDKROOT = iphoneos;
			};
			name = Debug;
		};
		04B3FCAE1B97B10100D398B1 /* Release */ = {
			isa = XCBuildConfiguration;
			buildSettings = {
				ALWAYS_SEARCH_USER_PATHS = NO;
				CLANG_CXX_LANGUAGE_STANDARD = "gnu++0x";
				CLANG_CXX_LIBRARY = "libc++";
				CLANG_ENABLE_MODULES = YES;
				CLANG_ENABLE_OBJC_ARC = YES;
				CLANG_WARN_BOOL_CONVERSION = YES;
				CLANG_WARN_CONSTANT_CONVERSION = YES;
				CLANG_WARN_DIRECT_OBJC_ISA_USAGE = YES_ERROR;
				CLANG_WARN_EMPTY_BODY = YES;
				CLANG_WARN_ENUM_CONVERSION = YES;
				CLANG_WARN_INT_CONVERSION = YES;
				CLANG_WARN_OBJC_ROOT_CLASS = YES_ERROR;
				CLANG_WARN_UNREACHABLE_CODE = YES;
				CLANG_WARN__DUPLICATE_METHOD_MATCH = YES;
				"CODE_SIGN_IDENTITY[sdk=iphoneos*]" = "iPhone Developer";
				COPY_PHASE_STRIP = NO;
				DEBUG_INFORMATION_FORMAT = "dwarf-with-dsym";
				ENABLE_NS_ASSERTIONS = NO;
				ENABLE_STRICT_OBJC_MSGSEND = YES;
				GCC_C_LANGUAGE_STANDARD = gnu99;
				GCC_NO_COMMON_BLOCKS = YES;
				GCC_WARN_64_TO_32_BIT_CONVERSION = YES;
				GCC_WARN_ABOUT_RETURN_TYPE = YES_ERROR;
				GCC_WARN_UNDECLARED_SELECTOR = YES;
				GCC_WARN_UNINITIALIZED_AUTOS = YES_AGGRESSIVE;
				GCC_WARN_UNUSED_FUNCTION = YES;
				GCC_WARN_UNUSED_VARIABLE = YES;
				IPHONEOS_DEPLOYMENT_TARGET = 8.4;
				MTL_ENABLE_DEBUG_INFO = NO;
				SDKROOT = iphoneos;
				VALIDATE_PRODUCT = YES;
			};
			name = Release;
		};
		04B3FCB01B97B10100D398B1 /* Debug */ = {
			isa = XCBuildConfiguration;
			baseConfigurationReference = 8B7F3A4B80B598281122EF44 /* Pods-AFNetworkigTest.debug.xcconfig */;
			buildSettings = {
				ASSETCATALOG_COMPILER_APPICON_NAME = AppIcon;
				INFOPLIST_FILE = AFNetworkigTest/Info.plist;
				LD_RUNPATH_SEARCH_PATHS = "$(inherited) @executable_path/Frameworks";
				PRODUCT_NAME = "$(TARGET_NAME)";
			};
			name = Debug;
		};
		04B3FCB11B97B10100D398B1 /* Release */ = {
			isa = XCBuildConfiguration;
			baseConfigurationReference = 821B671506ECD8D2183B1BBA /* Pods-AFNetworkigTest.release.xcconfig */;
			buildSettings = {
				ASSETCATALOG_COMPILER_APPICON_NAME = AppIcon;
				INFOPLIST_FILE = AFNetworkigTest/Info.plist;
				LD_RUNPATH_SEARCH_PATHS = "$(inherited) @executable_path/Frameworks";
				PRODUCT_NAME = "$(TARGET_NAME)";
			};
			name = Release;
		};
		04B3FCB31B97B10100D398B1 /* Debug */ = {
			isa = XCBuildConfiguration;
			buildSettings = {
				BUNDLE_LOADER = "$(TEST_HOST)";
				FRAMEWORK_SEARCH_PATHS = (
					"$(SDKROOT)/Developer/Library/Frameworks",
					"$(inherited)",
				);
				GCC_PREPROCESSOR_DEFINITIONS = (
					"DEBUG=1",
					"$(inherited)",
				);
				INFOPLIST_FILE = AFNetworkigTestTests/Info.plist;
				LD_RUNPATH_SEARCH_PATHS = "$(inherited) @executable_path/Frameworks @loader_path/Frameworks";
				PRODUCT_NAME = "$(TARGET_NAME)";
				TEST_HOST = "$(BUILT_PRODUCTS_DIR)/AFNetworkigTest.app/AFNetworkigTest";
			};
			name = Debug;
		};
		04B3FCB41B97B10100D398B1 /* Release */ = {
			isa = XCBuildConfiguration;
			buildSettings = {
				BUNDLE_LOADER = "$(TEST_HOST)";
				FRAMEWORK_SEARCH_PATHS = (
					"$(SDKROOT)/Developer/Library/Frameworks",
					"$(inherited)",
				);
				INFOPLIST_FILE = AFNetworkigTestTests/Info.plist;
				LD_RUNPATH_SEARCH_PATHS = "$(inherited) @executable_path/Frameworks @loader_path/Frameworks";
				PRODUCT_NAME = "$(TARGET_NAME)";
				TEST_HOST = "$(BUILT_PRODUCTS_DIR)/AFNetworkigTest.app/AFNetworkigTest";
			};
			name = Release;
		};
/* End XCBuildConfiguration section */

/* Begin XCConfigurationList section */
		04B3FC871B97B10100D398B1 /* Build configuration list for PBXProject "AFNetworkigTest" */ = {
			isa = XCConfigurationList;
			buildConfigurations = (
				04B3FCAD1B97B10100D398B1 /* Debug */,
				04B3FCAE1B97B10100D398B1 /* Release */,
			);
			defaultConfigurationIsVisible = 0;
			defaultConfigurationName = Release;
		};
		04B3FCAF1B97B10100D398B1 /* Build configuration list for PBXNativeTarget "AFNetworkigTest" */ = {
			isa = XCConfigurationList;
			buildConfigurations = (
				04B3FCB01B97B10100D398B1 /* Debug */,
				04B3FCB11B97B10100D398B1 /* Release */,
			);
			defaultConfigurationIsVisible = 0;
			defaultConfigurationName = Release;
		};
		04B3FCB21B97B10100D398B1 /* Build configuration list for PBXNativeTarget "AFNetworkigTestTests" */ = {
			isa = XCConfigurationList;
			buildConfigurations = (
				04B3FCB31B97B10100D398B1 /* Debug */,
				04B3FCB41B97B10100D398B1 /* Release */,
			);
			defaultConfigurationIsVisible = 0;
			defaultConfigurationName = Release;
		};
/* End XCConfigurationList section */
	};
	rootObject = 04B3FC841B97B10100D398B1 /* Project object */;
}
